
Microsoft Visual Studio Solution File, Format Version 12.00
# Visual Studio Version 16
VisualStudioVersion = 16.0.29613.14
MinimumVisualStudioVersion = 10.0.40219.1
Project("{9A19103F-16F7-4668-BE54-9A1E7A4F7556}") = "WhatYouGot.WebUI", "WhatYouGot.WebUI\WhatYouGot.WebUI.csproj", "{FEC34964-9FD1-41C1-A53A-6C29EABA03E5}"
EndProject
Project("{FAE04EC0-301F-11D3-BF4B-00C04F79EFBC}") = "WhatYouGot.DataAccess", "WhatYouGot.DataAccess\WhatYouGot.DataAccess.csproj", "{8D009C03-FA62-419C-8CB8-F4E65F2BABFB}"
EndProject
Project("{FAE04EC0-301F-11D3-BF4B-00C04F79EFBC}") = "WhatYouGot.Library", "WhatYouGot.Library\WhatYouGot.Library.csproj", "{8266269C-EB3E-42CC-8886-43A7085E73B0}"
EndProject
Project("{FAE04EC0-301F-11D3-BF4B-00C04F79EFBC}") = "WhatYouGot.Test", "WhatYouGot.Test\WhatYouGot.Test.csproj", "{88B71250-6B2C-423B-A855-552092CC0D22}"
EndProject
Global
	GlobalSection(SolutionConfigurationPlatforms) = preSolution
		Debug|Any CPU = Debug|Any CPU
		Release|Any CPU = Release|Any CPU
	EndGlobalSection
	GlobalSection(ProjectConfigurationPlatforms) = postSolution
		{FEC34964-9FD1-41C1-A53A-6C29EABA03E5}.Debug|Any CPU.ActiveCfg = Debug|Any CPU
		{FEC34964-9FD1-41C1-A53A-6C29EABA03E5}.Debug|Any CPU.Build.0 = Debug|Any CPU
		{FEC34964-9FD1-41C1-A53A-6C29EABA03E5}.Release|Any CPU.ActiveCfg = Release|Any CPU
		{FEC34964-9FD1-41C1-A53A-6C29EABA03E5}.Release|Any CPU.Build.0 = Release|Any CPU
		{8D009C03-FA62-419C-8CB8-F4E65F2BABFB}.Debug|Any CPU.ActiveCfg = Debug|Any CPU
		{8D009C03-FA62-419C-8CB8-F4E65F2BABFB}.Debug|Any CPU.Build.0 = Debug|Any CPU
		{8D009C03-FA62-419C-8CB8-F4E65F2BABFB}.Release|Any CPU.ActiveCfg = Release|Any CPU
		{8D009C03-FA62-419C-8CB8-F4E65F2BABFB}.Release|Any CPU.Build.0 = Release|Any CPU
		{8266269C-EB3E-42CC-8886-43A7085E73B0}.Debug|Any CPU.ActiveCfg = Debug|Any CPU
		{8266269C-EB3E-42CC-8886-43A7085E73B0}.Debug|Any CPU.Build.0 = Debug|Any CPU
		{8266269C-EB3E-42CC-8886-43A7085E73B0}.Release|Any CPU.ActiveCfg = Release|Any CPU
		{8266269C-EB3E-42CC-8886-43A7085E73B0}.Release|Any CPU.Build.0 = Release|Any CPU
		{88B71250-6B2C-423B-A855-552092CC0D22}.Debug|Any CPU.ActiveCfg = Debug|Any CPU
		{88B71250-6B2C-423B-A855-552092CC0D22}.Debug|Any CPU.Build.0 = Debug|Any CPU
		{88B71250-6B2C-423B-A855-552092CC0D22}.Release|Any CPU.ActiveCfg = Release|Any CPU
		{88B71250-6B2C-423B-A855-552092CC0D22}.Release|Any CPU.Build.0 = Release|Any CPU
	EndGlobalSection
	GlobalSection(SolutionProperties) = preSolution
		HideSolutionNode = FALSE
	EndGlobalSection
	GlobalSection(ExtensibilityGlobals) = postSolution
		SolutionGuid = {22A5D212-BBA0-4EC1-B544-DC8A4EB3FD2C}
	EndGlobalSection
EndGlobal
